
Microsoft Visual Studio Solution File, Format Version 12.00
# Visual Studio 2012
Project("{FAE04EC0-301F-11D3-BF4B-00C04F79EFBC}") = "CachingCollections", "CachingCollections\CachingCollections.csproj", "{316DF29E-76AA-4E5A-BCE4-ACD107B32FDB}"
EndProject
Global
	GlobalSection(SolutionConfigurationPlatforms) = preSolution
		Debug|Any CPU = Debug|Any CPU
		Release|Any CPU = Release|Any CPU
	EndGlobalSection
	GlobalSection(ProjectConfigurationPlatforms) = postSolution
		{316DF29E-76AA-4E5A-BCE4-ACD107B32FDB}.Debug|Any CPU.ActiveCfg = Debug|Any CPU
		{316DF29E-76AA-4E5A-BCE4-ACD107B32FDB}.Debug|Any CPU.Build.0 = Debug|Any CPU
		{316DF29E-76AA-4E5A-BCE4-ACD107B32FDB}.Release|Any CPU.ActiveCfg = Release|Any CPU
		{316DF29E-76AA-4E5A-BCE4-ACD107B32FDB}.Release|Any CPU.Build.0 = Release|Any CPU
	EndGlobalSection
	GlobalSection(SolutionProperties) = preSolution
		HideSolutionNode = FALSE
	EndGlobalSection
EndGlobal
